// !$*UTF8*$!
{
	archiveVersion = 1;
	classes = {
	};
	objectVersion = 46;
	objects = {

/* Begin PBXBuildFile section */
		A3251E431CD629A800ACE909 /* Makefile in Sources */ = {isa = PBXBuildFile; fileRef = A3251E421CD629A800ACE909 /* Makefile */; };
		A3436D781CD23BCD0063E857 /* test.cpp in Sources */ = {isa = PBXBuildFile; fileRef = A3436D761CD23BCD0063E857 /* test.cpp */; };
		A3436D791CD244B80063E857 /* BufferManager.cpp in Sources */ = {isa = PBXBuildFile; fileRef = A3436D721CD23A5E0063E857 /* BufferManager.cpp */; };
		A3436D7A1CD244BF0063E857 /* BufferFrame.cpp in Sources */ = {isa = PBXBuildFile; fileRef = A3436D741CD23BA20063E857 /* BufferFrame.cpp */; };
		A3B4F8D01CC535E20022B423 /* Makefile in Sources */ = {isa = PBXBuildFile; fileRef = A3B4F8CB1CC535E20022B423 /* Makefile */; };
		A3B4F8D11CC535E20022B423 /* mergesort.cpp in Sources */ = {isa = PBXBuildFile; fileRef = A3B4F8CC1CC535E20022B423 /* mergesort.cpp */; };
		A3B4F8D21CC535E20022B423 /* test.cpp in Sources */ = {isa = PBXBuildFile; fileRef = A3B4F8CE1CC535E20022B423 /* test.cpp */; };
		A3DB8F661CD79AF80097AE03 /* bla.cpp in Sources */ = {isa = PBXBuildFile; fileRef = A3DB8F641CD79AF80097AE03 /* bla.cpp */; };
/* End PBXBuildFile section */

/* Begin PBXCopyFilesBuildPhase section */
		A3B4F8BF1CC535AB0022B423 /* CopyFiles */ = {
			isa = PBXCopyFilesBuildPhase;
			buildActionMask = 2147483647;
			dstPath = /usr/share/man/man1/;
			dstSubfolderSpec = 0;
			files = (
			);
			runOnlyForDeploymentPostprocessing = 1;
		};
/* End PBXCopyFilesBuildPhase section */

/* Begin PBXFileReference section */
		A3251E421CD629A800ACE909 /* Makefile */ = {isa = PBXFileReference; fileEncoding = 4; lastKnownFileType = sourcecode.make; name = Makefile; path = BufferManager/Makefile; sourceTree = "<group>"; };
		A3436D721CD23A5E0063E857 /* BufferManager.cpp */ = {isa = PBXFileReference; lastKnownFileType = sourcecode.cpp.cpp; name = BufferManager.cpp; path = BufferManager/BufferManager.cpp; sourceTree = "<group>"; };
		A3436D731CD23A5E0063E857 /* BufferManager.hpp */ = {isa = PBXFileReference; lastKnownFileType = sourcecode.cpp.h; name = BufferManager.hpp; path = BufferManager/BufferManager.hpp; sourceTree = "<group>"; };
		A3436D741CD23BA20063E857 /* BufferFrame.cpp */ = {isa = PBXFileReference; lastKnownFileType = sourcecode.cpp.cpp; name = BufferFrame.cpp; path = BufferManager/BufferFrame.cpp; sourceTree = "<group>"; };
		A3436D751CD23BA20063E857 /* BufferFrame.hpp */ = {isa = PBXFileReference; lastKnownFileType = sourcecode.cpp.h; name = BufferFrame.hpp; path = BufferManager/BufferFrame.hpp; sourceTree = "<group>"; };
		A3436D761CD23BCD0063E857 /* test.cpp */ = {isa = PBXFileReference; fileEncoding = 4; lastKnownFileType = sourcecode.cpp.cpp; name = test.cpp; path = BufferManager/test.cpp; sourceTree = "<group>"; };
		A3436D771CD23BCD0063E857 /* test.hpp */ = {isa = PBXFileReference; fileEncoding = 4; lastKnownFileType = sourcecode.cpp.h; name = test.hpp; path = BufferManager/test.hpp; sourceTree = "<group>"; };
		A3B4F8C11CC535AB0022B423 /* sort */ = {isa = PBXFileReference; explicitFileType = "compiled.mach-o.executable"; includeInIndex = 0; path = sort; sourceTree = BUILT_PRODUCTS_DIR; };
		A3B4F8CB1CC535E20022B423 /* Makefile */ = {isa = PBXFileReference; fileEncoding = 4; lastKnownFileType = sourcecode.make; path = Makefile; sourceTree = "<group>"; };
		A3B4F8CC1CC535E20022B423 /* mergesort.cpp */ = {isa = PBXFileReference; fileEncoding = 4; lastKnownFileType = sourcecode.cpp.cpp; path = mergesort.cpp; sourceTree = "<group>"; };
		A3B4F8CD1CC535E20022B423 /* mergesort.hpp */ = {isa = PBXFileReference; fileEncoding = 4; lastKnownFileType = sourcecode.cpp.h; path = mergesort.hpp; sourceTree = "<group>"; };
		A3B4F8CE1CC535E20022B423 /* test.cpp */ = {isa = PBXFileReference; fileEncoding = 4; lastKnownFileType = sourcecode.cpp.cpp; path = test.cpp; sourceTree = "<group>"; };
		A3B4F8CF1CC535E20022B423 /* test.hpp */ = {isa = PBXFileReference; fileEncoding = 4; lastKnownFileType = sourcecode.cpp.h; path = test.hpp; sourceTree = "<group>"; };
		A3DB8F641CD79AF80097AE03 /* bla.cpp */ = {isa = PBXFileReference; fileEncoding = 4; lastKnownFileType = sourcecode.cpp.cpp; path = bla.cpp; sourceTree = "<group>"; };
		A3DB8F651CD79AF80097AE03 /* bla.hpp */ = {isa = PBXFileReference; fileEncoding = 4; lastKnownFileType = sourcecode.cpp.h; path = bla.hpp; sourceTree = "<group>"; };
/* End PBXFileReference section */

/* Begin PBXFrameworksBuildPhase section */
		A3B4F8BE1CC535AB0022B423 /* Frameworks */ = {
			isa = PBXFrameworksBuildPhase;
			buildActionMask = 2147483647;
			files = (
			);
			runOnlyForDeploymentPostprocessing = 0;
		};
/* End PBXFrameworksBuildPhase section */

/* Begin PBXGroup section */
		A3436D711CD238920063E857 /* BufferManager */ = {
			isa = PBXGroup;
			children = (
				A3436D721CD23A5E0063E857 /* BufferManager.cpp */,
				A3436D731CD23A5E0063E857 /* BufferManager.hpp */,
				A3436D741CD23BA20063E857 /* BufferFrame.cpp */,
				A3436D751CD23BA20063E857 /* BufferFrame.hpp */,
				A3436D761CD23BCD0063E857 /* test.cpp */,
				A3436D771CD23BCD0063E857 /* test.hpp */,
				A3251E421CD629A800ACE909 /* Makefile */,
			);
			name = BufferManager;
			sourceTree = "<group>";
		};
		A3B4F8B81CC535AB0022B423 = {
			isa = PBXGroup;
			children = (
				A3DB8F641CD79AF80097AE03 /* bla.cpp */,
				A3DB8F651CD79AF80097AE03 /* bla.hpp */,
				A3436D711CD238920063E857 /* BufferManager */,
				A3B4F8C31CC535AB0022B423 /* sort */,
				A3B4F8C21CC535AB0022B423 /* Products */,
			);
			sourceTree = "<group>";
		};
		A3B4F8C21CC535AB0022B423 /* Products */ = {
			isa = PBXGroup;
			children = (
				A3B4F8C11CC535AB0022B423 /* sort */,
			);
			name = Products;
			sourceTree = "<group>";
		};
		A3B4F8C31CC535AB0022B423 /* sort */ = {
			isa = PBXGroup;
			children = (
				A3B4F8CB1CC535E20022B423 /* Makefile */,
				A3B4F8CC1CC535E20022B423 /* mergesort.cpp */,
				A3B4F8CD1CC535E20022B423 /* mergesort.hpp */,
				A3B4F8CE1CC535E20022B423 /* test.cpp */,
				A3B4F8CF1CC535E20022B423 /* test.hpp */,
			);
			path = sort;
			sourceTree = "<group>";
		};
/* End PBXGroup section */

/* Begin PBXNativeTarget section */
		A3B4F8C01CC535AB0022B423 /* sort */ = {
			isa = PBXNativeTarget;
			buildConfigurationList = A3B4F8C81CC535AB0022B423 /* Build configuration list for PBXNativeTarget "sort" */;
			buildPhases = (
				A3B4F8BD1CC535AB0022B423 /* Sources */,
				A3B4F8BE1CC535AB0022B423 /* Frameworks */,
				A3B4F8BF1CC535AB0022B423 /* CopyFiles */,
			);
			buildRules = (
			);
			dependencies = (
			);
			name = sort;
			productName = sort;
			productReference = A3B4F8C11CC535AB0022B423 /* sort */;
			productType = "com.apple.product-type.tool";
		};
/* End PBXNativeTarget section */

/* Begin PBXProject section */
		A3B4F8B91CC535AB0022B423 /* Project object */ = {
			isa = PBXProject;
			attributes = {
				LastUpgradeCheck = 0730;
				ORGANIZATIONNAME = "Julia Kindelsberger";
				TargetAttributes = {
					A3B4F8C01CC535AB0022B423 = {
						CreatedOnToolsVersion = 7.3;
					};
				};
			};
			buildConfigurationList = A3B4F8BC1CC535AB0022B423 /* Build configuration list for PBXProject "sort" */;
			compatibilityVersion = "Xcode 3.2";
			developmentRegion = English;
			hasScannedForEncodings = 0;
			knownRegions = (
				en,
			);
			mainGroup = A3B4F8B81CC535AB0022B423;
			productRefGroup = A3B4F8C21CC535AB0022B423 /* Products */;
			projectDirPath = "";
			projectRoot = "";
			targets = (
				A3B4F8C01CC535AB0022B423 /* sort */,
			);
		};
/* End PBXProject section */

/* Begin PBXSourcesBuildPhase section */
		A3B4F8BD1CC535AB0022B423 /* Sources */ = {
			isa = PBXSourcesBuildPhase;
			buildActionMask = 2147483647;
			files = (
				A3B4F8D01CC535E20022B423 /* Makefile in Sources */,
				A3436D791CD244B80063E857 /* BufferManager.cpp in Sources */,
				A3436D781CD23BCD0063E857 /* test.cpp in Sources */,
				A3436D7A1CD244BF0063E857 /* BufferFrame.cpp in Sources */,
				A3B4F8D21CC535E20022B423 /* test.cpp in Sources */,
				A3251E431CD629A800ACE909 /* Makefile in Sources */,
				A3B4F8D11CC535E20022B423 /* mergesort.cpp in Sources */,
				A3DB8F661CD79AF80097AE03 /* bla.cpp in Sources */,
			);
			runOnlyForDeploymentPostprocessing = 0;
		};
/* End PBXSourcesBuildPhase section */

/* Begin XCBuildConfiguration section */
		A3B4F8C61CC535AB0022B423 /* Debug */ = {
			isa = XCBuildConfiguration;
			buildSettings = {
				ALWAYS_SEARCH_USER_PATHS = NO;
				CLANG_ANALYZER_NONNULL = YES;
				CLANG_CXX_LANGUAGE_STANDARD = "gnu++0x";
				CLANG_CXX_LIBRARY = "libc++";
				CLANG_ENABLE_MODULES = YES;
				CLANG_ENABLE_OBJC_ARC = YES;
				CLANG_WARN_BOOL_CONVERSION = YES;
				CLANG_WARN_CONSTANT_CONVERSION = YES;
				CLANG_WARN_DIRECT_OBJC_ISA_USAGE = YES_ERROR;
				CLANG_WARN_EMPTY_BODY = YES;
				CLANG_WARN_ENUM_CONVERSION = YES;
				CLANG_WARN_INT_CONVERSION = YES;
				CLANG_WARN_OBJC_ROOT_CLASS = YES_ERROR;
				CLANG_WARN_UNREACHABLE_CODE = YES;
				CLANG_WARN__DUPLICATE_METHOD_MATCH = YES;
				CODE_SIGN_IDENTITY = "-";
				COPY_PHASE_STRIP = NO;
				DEBUG_INFORMATION_FORMAT = dwarf;
				ENABLE_STRICT_OBJC_MSGSEND = YES;
				ENABLE_TESTABILITY = YES;
				GCC_C_LANGUAGE_STANDARD = gnu99;
				GCC_DYNAMIC_NO_PIC = NO;
				GCC_NO_COMMON_BLOCKS = YES;
				GCC_OPTIMIZATION_LEVEL = 0;
				GCC_PREPROCESSOR_DEFINITIONS = (
					"DEBUG=1",
					"$(inherited)",
				);
				GCC_WARN_64_TO_32_BIT_CONVERSION = YES;
				GCC_WARN_ABOUT_RETURN_TYPE = YES_ERROR;
				GCC_WARN_UNDECLARED_SELECTOR = YES;
				GCC_WARN_UNINITIALIZED_AUTOS = YES_AGGRESSIVE;
				GCC_WARN_UNUSED_FUNCTION = YES;
				GCC_WARN_UNUSED_VARIABLE = YES;
				MACOSX_DEPLOYMENT_TARGET = 10.11;
				MTL_ENABLE_DEBUG_INFO = YES;
				ONLY_ACTIVE_ARCH = YES;
				SDKROOT = macosx;
			};
			name = Debug;
		};
		A3B4F8C71CC535AB0022B423 /* Release */ = {
			isa = XCBuildConfiguration;
			buildSettings = {
				ALWAYS_SEARCH_USER_PATHS = NO;
				CLANG_ANALYZER_NONNULL = YES;
				CLANG_CXX_LANGUAGE_STANDARD = "gnu++0x";
				CLANG_CXX_LIBRARY = "libc++";
				CLANG_ENABLE_MODULES = YES;
				CLANG_ENABLE_OBJC_ARC = YES;
				CLANG_WARN_BOOL_CONVERSION = YES;
				CLANG_WARN_CONSTANT_CONVERSION = YES;
				CLANG_WARN_DIRECT_OBJC_ISA_USAGE = YES_ERROR;
				CLANG_WARN_EMPTY_BODY = YES;
				CLANG_WARN_ENUM_CONVERSION = YES;
				CLANG_WARN_INT_CONVERSION = YES;
				CLANG_WARN_OBJC_ROOT_CLASS = YES_ERROR;
				CLANG_WARN_UNREACHABLE_CODE = YES;
				CLANG_WARN__DUPLICATE_METHOD_MATCH = YES;
				CODE_SIGN_IDENTITY = "-";
				COPY_PHASE_STRIP = NO;
				DEBUG_INFORMATION_FORMAT = "dwarf-with-dsym";
				ENABLE_NS_ASSERTIONS = NO;
				ENABLE_STRICT_OBJC_MSGSEND = YES;
				GCC_C_LANGUAGE_STANDARD = gnu99;
				GCC_NO_COMMON_BLOCKS = YES;
				GCC_WARN_64_TO_32_BIT_CONVERSION = YES;
				GCC_WARN_ABOUT_RETURN_TYPE = YES_ERROR;
				GCC_WARN_UNDECLARED_SELECTOR = YES;
				GCC_WARN_UNINITIALIZED_AUTOS = YES_AGGRESSIVE;
				GCC_WARN_UNUSED_FUNCTION = YES;
				GCC_WARN_UNUSED_VARIABLE = YES;
				MACOSX_DEPLOYMENT_TARGET = 10.11;
				MTL_ENABLE_DEBUG_INFO = NO;
				SDKROOT = macosx;
			};
			name = Release;
		};
		A3B4F8C91CC535AB0022B423 /* Debug */ = {
			isa = XCBuildConfiguration;
			buildSettings = {
				PRODUCT_NAME = "$(TARGET_NAME)";
			};
			name = Debug;
		};
		A3B4F8CA1CC535AB0022B423 /* Release */ = {
			isa = XCBuildConfiguration;
			buildSettings = {
				PRODUCT_NAME = "$(TARGET_NAME)";
			};
			name = Release;
		};
/* End XCBuildConfiguration section */

/* Begin XCConfigurationList section */
		A3B4F8BC1CC535AB0022B423 /* Build configuration list for PBXProject "sort" */ = {
			isa = XCConfigurationList;
			buildConfigurations = (
				A3B4F8C61CC535AB0022B423 /* Debug */,
				A3B4F8C71CC535AB0022B423 /* Release */,
			);
			defaultConfigurationIsVisible = 0;
			defaultConfigurationName = Release;
		};
		A3B4F8C81CC535AB0022B423 /* Build configuration list for PBXNativeTarget "sort" */ = {
			isa = XCConfigurationList;
			buildConfigurations = (
				A3B4F8C91CC535AB0022B423 /* Debug */,
				A3B4F8CA1CC535AB0022B423 /* Release */,
			);
			defaultConfigurationIsVisible = 0;
			defaultConfigurationName = Release;
		};
/* End XCConfigurationList section */
	};
	rootObject = A3B4F8B91CC535AB0022B423 /* Project object */;
}
